
Microsoft Visual Studio Solution File, Format Version 12.00
# Visual Studio 14
VisualStudioVersion = 14.0.25420.1
MinimumVisualStudioVersion = 10.0.40219.1
Project("{FAE04EC0-301F-11D3-BF4B-00C04F79EFBC}") = "bS.Sked.Model", "bS.Sked.Model\bS.Sked.Model.csproj", "{D28D9ADA-EFFD-4AB6-AC8A-28DFB261E3CC}"
EndProject
Project("{FAE04EC0-301F-11D3-BF4B-00C04F79EFBC}") = "bS.Sked.Data", "bS.Sked.Data\bS.Sked.Data.csproj", "{D9DE2435-9A84-4A39-B953-CB8B1C5DC354}"
EndProject
Project("{FAE04EC0-301F-11D3-BF4B-00C04F79EFBC}") = "bS.Sked.Services", "bS.Sked.Services\bS.Sked.Services.csproj", "{26A7C7D8-4927-4015-9EA0-39B4D0CD39F5}"
EndProject
Project("{FAE04EC0-301F-11D3-BF4B-00C04F79EFBC}") = "bS.Sked.ViewModel", "bS.Sked.ViewModel\bS.Sked.ViewModel.csproj", "{04C55660-B999-4E33-AEC8-B0C95CDFBCE4}"
EndProject
Project("{FAE04EC0-301F-11D3-BF4B-00C04F79EFBC}") = "bS.Sked.WinService", "bS.Sked.WinService\bS.Sked.WinService.csproj", "{40540812-9313-429B-B9A6-D28A80FC024F}"
EndProject
Project("{FAE04EC0-301F-11D3-BF4B-00C04F79EFBC}") = "bS.Sked.WMC", "bS.Sked.WMC\bS.Sked.WMC.csproj", "{11EDC1D5-8D38-4512-BEDD-F2BD87B1B954}"
EndProject
Project("{2150E333-8FDC-42A3-9474-1A3956D46DE8}") = "Extra", "Extra", "{BD88CB2F-9DDD-4821-889C-BA411BBBBFB4}"
EndProject
Project("{FAE04EC0-301F-11D3-BF4B-00C04F79EFBC}") = "bS.Wrapper.SignalRClient", "bS.Wrapper.SignalRClient\bS.Wrapper.SignalRClient.csproj", "{1F76A170-C8A0-4344-BFE6-84CFBB3FA6A2}"
EndProject
Project("{FAE04EC0-301F-11D3-BF4B-00C04F79EFBC}") = "bS.Sked.CompositionRoot", "bS.Sked.CompositionRoot\bS.Sked.CompositionRoot.csproj", "{EE23A5F8-93D9-47D7-A739-E41596CE9267}"
EndProject
Project("{FAE04EC0-301F-11D3-BF4B-00C04F79EFBC}") = "bS.Sked.WinServiceTests", "bS.Sked.WinServiceTests\bS.Sked.WinServiceTests.csproj", "{28594CDD-0C96-4A00-BDF6-F2CE4FB8363E}"
EndProject
Project("{2150E333-8FDC-42A3-9474-1A3956D46DE8}") = "DOMAIN", "DOMAIN", "{F372D523-3F4B-44AF-B9DC-2E1B8C4BCEAE}"
EndProject
Project("{2150E333-8FDC-42A3-9474-1A3956D46DE8}") = "BUSINESS", "BUSINESS", "{4ABD77D9-8D25-4590-A794-C8658B600F65}"
EndProject
Project("{2150E333-8FDC-42A3-9474-1A3956D46DE8}") = "PRESENTATION", "PRESENTATION", "{64CC207A-231C-43C9-B4E6-B3F373B98EBF}"
EndProject
Project("{2150E333-8FDC-42A3-9474-1A3956D46DE8}") = "TESTS", "TESTS", "{CDC42B36-AB3F-4C28-93E5-F11014B4981C}"
EndProject
Project("{FAE04EC0-301F-11D3-BF4B-00C04F79EFBC}") = "bS.Sked.Data.Interfaces", "bS.Sked.Data.Interfaces\bS.Sked.Data.Interfaces.csproj", "{11DE7D96-FDA8-4A87-82D3-29C11C07111A}"
EndProject
Global
	GlobalSection(SolutionConfigurationPlatforms) = preSolution
		Debug|Any CPU = Debug|Any CPU
		Debug|x64 = Debug|x64
		Release|Any CPU = Release|Any CPU
		Release|x64 = Release|x64
	EndGlobalSection
	GlobalSection(ProjectConfigurationPlatforms) = postSolution
		{D28D9ADA-EFFD-4AB6-AC8A-28DFB261E3CC}.Debug|Any CPU.ActiveCfg = Debug|Any CPU
		{D28D9ADA-EFFD-4AB6-AC8A-28DFB261E3CC}.Debug|Any CPU.Build.0 = Debug|Any CPU
		{D28D9ADA-EFFD-4AB6-AC8A-28DFB261E3CC}.Debug|x64.ActiveCfg = Debug|x64
		{D28D9ADA-EFFD-4AB6-AC8A-28DFB261E3CC}.Debug|x64.Build.0 = Debug|x64
		{D28D9ADA-EFFD-4AB6-AC8A-28DFB261E3CC}.Release|Any CPU.ActiveCfg = Release|Any CPU
		{D28D9ADA-EFFD-4AB6-AC8A-28DFB261E3CC}.Release|Any CPU.Build.0 = Release|Any CPU
		{D28D9ADA-EFFD-4AB6-AC8A-28DFB261E3CC}.Release|x64.ActiveCfg = Release|x64
		{D28D9ADA-EFFD-4AB6-AC8A-28DFB261E3CC}.Release|x64.Build.0 = Release|x64
		{D9DE2435-9A84-4A39-B953-CB8B1C5DC354}.Debug|Any CPU.ActiveCfg = Debug|Any CPU
		{D9DE2435-9A84-4A39-B953-CB8B1C5DC354}.Debug|Any CPU.Build.0 = Debug|Any CPU
		{D9DE2435-9A84-4A39-B953-CB8B1C5DC354}.Debug|x64.ActiveCfg = Debug|x64
		{D9DE2435-9A84-4A39-B953-CB8B1C5DC354}.Debug|x64.Build.0 = Debug|x64
		{D9DE2435-9A84-4A39-B953-CB8B1C5DC354}.Release|Any CPU.ActiveCfg = Release|Any CPU
		{D9DE2435-9A84-4A39-B953-CB8B1C5DC354}.Release|Any CPU.Build.0 = Release|Any CPU
		{D9DE2435-9A84-4A39-B953-CB8B1C5DC354}.Release|x64.ActiveCfg = Release|x64
		{D9DE2435-9A84-4A39-B953-CB8B1C5DC354}.Release|x64.Build.0 = Release|x64
		{26A7C7D8-4927-4015-9EA0-39B4D0CD39F5}.Debug|Any CPU.ActiveCfg = Debug|Any CPU
		{26A7C7D8-4927-4015-9EA0-39B4D0CD39F5}.Debug|Any CPU.Build.0 = Debug|Any CPU
		{26A7C7D8-4927-4015-9EA0-39B4D0CD39F5}.Debug|x64.ActiveCfg = Debug|x64
		{26A7C7D8-4927-4015-9EA0-39B4D0CD39F5}.Debug|x64.Build.0 = Debug|x64
		{26A7C7D8-4927-4015-9EA0-39B4D0CD39F5}.Release|Any CPU.ActiveCfg = Release|Any CPU
		{26A7C7D8-4927-4015-9EA0-39B4D0CD39F5}.Release|Any CPU.Build.0 = Release|Any CPU
		{26A7C7D8-4927-4015-9EA0-39B4D0CD39F5}.Release|x64.ActiveCfg = Release|x64
		{26A7C7D8-4927-4015-9EA0-39B4D0CD39F5}.Release|x64.Build.0 = Release|x64
		{04C55660-B999-4E33-AEC8-B0C95CDFBCE4}.Debug|Any CPU.ActiveCfg = Debug|Any CPU
		{04C55660-B999-4E33-AEC8-B0C95CDFBCE4}.Debug|Any CPU.Build.0 = Debug|Any CPU
		{04C55660-B999-4E33-AEC8-B0C95CDFBCE4}.Debug|x64.ActiveCfg = Debug|x64
		{04C55660-B999-4E33-AEC8-B0C95CDFBCE4}.Debug|x64.Build.0 = Debug|x64
		{04C55660-B999-4E33-AEC8-B0C95CDFBCE4}.Release|Any CPU.ActiveCfg = Release|Any CPU
		{04C55660-B999-4E33-AEC8-B0C95CDFBCE4}.Release|Any CPU.Build.0 = Release|Any CPU
		{04C55660-B999-4E33-AEC8-B0C95CDFBCE4}.Release|x64.ActiveCfg = Release|x64
		{04C55660-B999-4E33-AEC8-B0C95CDFBCE4}.Release|x64.Build.0 = Release|x64
		{40540812-9313-429B-B9A6-D28A80FC024F}.Debug|Any CPU.ActiveCfg = Debug|Any CPU
		{40540812-9313-429B-B9A6-D28A80FC024F}.Debug|Any CPU.Build.0 = Debug|Any CPU
		{40540812-9313-429B-B9A6-D28A80FC024F}.Debug|x64.ActiveCfg = Debug|x64
		{40540812-9313-429B-B9A6-D28A80FC024F}.Debug|x64.Build.0 = Debug|x64
		{40540812-9313-429B-B9A6-D28A80FC024F}.Release|Any CPU.ActiveCfg = Release|Any CPU
		{40540812-9313-429B-B9A6-D28A80FC024F}.Release|Any CPU.Build.0 = Release|Any CPU
		{40540812-9313-429B-B9A6-D28A80FC024F}.Release|x64.ActiveCfg = Release|x64
		{40540812-9313-429B-B9A6-D28A80FC024F}.Release|x64.Build.0 = Release|x64
		{11EDC1D5-8D38-4512-BEDD-F2BD87B1B954}.Debug|Any CPU.ActiveCfg = Debug|Any CPU
		{11EDC1D5-8D38-4512-BEDD-F2BD87B1B954}.Debug|Any CPU.Build.0 = Debug|Any CPU
		{11EDC1D5-8D38-4512-BEDD-F2BD87B1B954}.Debug|x64.ActiveCfg = Debug|x64
		{11EDC1D5-8D38-4512-BEDD-F2BD87B1B954}.Debug|x64.Build.0 = Debug|x64
		{11EDC1D5-8D38-4512-BEDD-F2BD87B1B954}.Release|Any CPU.ActiveCfg = Release|Any CPU
		{11EDC1D5-8D38-4512-BEDD-F2BD87B1B954}.Release|Any CPU.Build.0 = Release|Any CPU
		{11EDC1D5-8D38-4512-BEDD-F2BD87B1B954}.Release|x64.ActiveCfg = Release|Any CPU
		{11EDC1D5-8D38-4512-BEDD-F2BD87B1B954}.Release|x64.Build.0 = Release|Any CPU
		{1F76A170-C8A0-4344-BFE6-84CFBB3FA6A2}.Debug|Any CPU.ActiveCfg = Debug|Any CPU
		{1F76A170-C8A0-4344-BFE6-84CFBB3FA6A2}.Debug|Any CPU.Build.0 = Debug|Any CPU
		{1F76A170-C8A0-4344-BFE6-84CFBB3FA6A2}.Debug|x64.ActiveCfg = Debug|Any CPU
		{1F76A170-C8A0-4344-BFE6-84CFBB3FA6A2}.Debug|x64.Build.0 = Debug|Any CPU
		{1F76A170-C8A0-4344-BFE6-84CFBB3FA6A2}.Release|Any CPU.ActiveCfg = Release|Any CPU
		{1F76A170-C8A0-4344-BFE6-84CFBB3FA6A2}.Release|Any CPU.Build.0 = Release|Any CPU
		{1F76A170-C8A0-4344-BFE6-84CFBB3FA6A2}.Release|x64.ActiveCfg = Release|Any CPU
		{1F76A170-C8A0-4344-BFE6-84CFBB3FA6A2}.Release|x64.Build.0 = Release|Any CPU
		{EE23A5F8-93D9-47D7-A739-E41596CE9267}.Debug|Any CPU.ActiveCfg = Debug|Any CPU
		{EE23A5F8-93D9-47D7-A739-E41596CE9267}.Debug|Any CPU.Build.0 = Debug|Any CPU
		{EE23A5F8-93D9-47D7-A739-E41596CE9267}.Debug|x64.ActiveCfg = Debug|Any CPU
		{EE23A5F8-93D9-47D7-A739-E41596CE9267}.Debug|x64.Build.0 = Debug|Any CPU
		{EE23A5F8-93D9-47D7-A739-E41596CE9267}.Release|Any CPU.ActiveCfg = Release|Any CPU
		{EE23A5F8-93D9-47D7-A739-E41596CE9267}.Release|Any CPU.Build.0 = Release|Any CPU
		{EE23A5F8-93D9-47D7-A739-E41596CE9267}.Release|x64.ActiveCfg = Release|Any CPU
		{EE23A5F8-93D9-47D7-A739-E41596CE9267}.Release|x64.Build.0 = Release|Any CPU
		{28594CDD-0C96-4A00-BDF6-F2CE4FB8363E}.Debug|Any CPU.ActiveCfg = Debug|Any CPU
		{28594CDD-0C96-4A00-BDF6-F2CE4FB8363E}.Debug|Any CPU.Build.0 = Debug|Any CPU
		{28594CDD-0C96-4A00-BDF6-F2CE4FB8363E}.Debug|x64.ActiveCfg = Debug|Any CPU
		{28594CDD-0C96-4A00-BDF6-F2CE4FB8363E}.Debug|x64.Build.0 = Debug|Any CPU
		{28594CDD-0C96-4A00-BDF6-F2CE4FB8363E}.Release|Any CPU.ActiveCfg = Release|Any CPU
		{28594CDD-0C96-4A00-BDF6-F2CE4FB8363E}.Release|Any CPU.Build.0 = Release|Any CPU
		{28594CDD-0C96-4A00-BDF6-F2CE4FB8363E}.Release|x64.ActiveCfg = Release|Any CPU
		{28594CDD-0C96-4A00-BDF6-F2CE4FB8363E}.Release|x64.Build.0 = Release|Any CPU
		{11DE7D96-FDA8-4A87-82D3-29C11C07111A}.Debug|Any CPU.ActiveCfg = Debug|Any CPU
		{11DE7D96-FDA8-4A87-82D3-29C11C07111A}.Debug|Any CPU.Build.0 = Debug|Any CPU
		{11DE7D96-FDA8-4A87-82D3-29C11C07111A}.Debug|x64.ActiveCfg = Debug|Any CPU
		{11DE7D96-FDA8-4A87-82D3-29C11C07111A}.Debug|x64.Build.0 = Debug|Any CPU
		{11DE7D96-FDA8-4A87-82D3-29C11C07111A}.Release|Any CPU.ActiveCfg = Release|Any CPU
		{11DE7D96-FDA8-4A87-82D3-29C11C07111A}.Release|Any CPU.Build.0 = Release|Any CPU
		{11DE7D96-FDA8-4A87-82D3-29C11C07111A}.Release|x64.ActiveCfg = Release|Any CPU
		{11DE7D96-FDA8-4A87-82D3-29C11C07111A}.Release|x64.Build.0 = Release|Any CPU
	EndGlobalSection
	GlobalSection(SolutionProperties) = preSolution
		HideSolutionNode = FALSE
	EndGlobalSection
	GlobalSection(NestedProjects) = preSolution
		{D28D9ADA-EFFD-4AB6-AC8A-28DFB261E3CC} = {F372D523-3F4B-44AF-B9DC-2E1B8C4BCEAE}
		{D9DE2435-9A84-4A39-B953-CB8B1C5DC354} = {F372D523-3F4B-44AF-B9DC-2E1B8C4BCEAE}
		{26A7C7D8-4927-4015-9EA0-39B4D0CD39F5} = {4ABD77D9-8D25-4590-A794-C8658B600F65}
		{04C55660-B999-4E33-AEC8-B0C95CDFBCE4} = {F372D523-3F4B-44AF-B9DC-2E1B8C4BCEAE}
		{40540812-9313-429B-B9A6-D28A80FC024F} = {4ABD77D9-8D25-4590-A794-C8658B600F65}
		{11EDC1D5-8D38-4512-BEDD-F2BD87B1B954} = {64CC207A-231C-43C9-B4E6-B3F373B98EBF}
		{BD88CB2F-9DDD-4821-889C-BA411BBBBFB4} = {4ABD77D9-8D25-4590-A794-C8658B600F65}
		{1F76A170-C8A0-4344-BFE6-84CFBB3FA6A2} = {BD88CB2F-9DDD-4821-889C-BA411BBBBFB4}
		{EE23A5F8-93D9-47D7-A739-E41596CE9267} = {4ABD77D9-8D25-4590-A794-C8658B600F65}
		{28594CDD-0C96-4A00-BDF6-F2CE4FB8363E} = {CDC42B36-AB3F-4C28-93E5-F11014B4981C}
		{11DE7D96-FDA8-4A87-82D3-29C11C07111A} = {F372D523-3F4B-44AF-B9DC-2E1B8C4BCEAE}
	EndGlobalSection
EndGlobal
